<?xml version="1.0" encoding="utf-8"?>
<Project ToolsVersion="4.0" xmlns="http://schemas.microsoft.com/developer/msbuild/2003">
  <ItemGroup>
    <Filter Include="ソース ファイル">
      <UniqueIdentifier>{4FC737F1-C7A5-4376-A066-2A32D752A2FF}</UniqueIdentifier>
      <Extensions>cpp;c;cc;cxx;c++;cppm;ixx;def;odl;idl;hpj;bat;asm;asmx</Extensions>
    </Filter>
    <Filter Include="ヘッダー ファイル">
      <UniqueIdentifier>{93995380-89BD-4b04-88EB-625FBE52EBFB}</UniqueIdentifier>
      <Extensions>h;hh;hpp;hxx;h++;hm;inl;inc;ipp;xsd</Extensions>
    </Filter>
    <Filter Include="リソース ファイル">
      <UniqueIdentifier>{67DA6AB6-F800-4c08-8B7A-83BB121AAD01}</UniqueIdentifier>
      <Extensions>rc;ico;cur;bmp;dlg;rc2;rct;bin;rgs;gif;jpg;jpeg;jpe;resx;tiff;tif;png;wav;mfcribbon-ms</Extensions>
    </Filter>
    <Filter Include="ソース ファイル\Scene">
      <UniqueIdentifier>{c15789d2-2360-4ec5-82fa-b9f39d484971}</UniqueIdentifier>
    </Filter>
    <Filter Include="ヘッダー ファイル\Scene">
      <UniqueIdentifier>{fde0f12c-6b30-44bb-84f6-9c5940014abf}</UniqueIdentifier>
    </Filter>
    <Filter Include="ソース ファイル\InputDevice">
      <UniqueIdentifier>{b3d56316-4dfe-4b16-9ddb-cabe0e32088e}</UniqueIdentifier>
    </Filter>
    <Filter Include="ソース ファイル\InputDevice\KeyBoard">
      <UniqueIdentifier>{7bcca114-1507-4732-abd5-710001fc3eed}</UniqueIdentifier>
    </Filter>
    <Filter Include="ソース ファイル\InputDevice\JoyPad">
      <UniqueIdentifier>{72703cc3-f6d9-490f-bbc3-629b889ae2ae}</UniqueIdentifier>
    </Filter>
    <Filter Include="ヘッダー ファイル\InputDevice">
      <UniqueIdentifier>{0e9af93d-54f6-49e9-b380-7f8de2f4bcd0}</UniqueIdentifier>
    </Filter>
    <Filter Include="ヘッダー ファイル\InputDevice\JoyPad">
      <UniqueIdentifier>{70eb8af2-ef63-4a1e-b3b3-ca6d47d67371}</UniqueIdentifier>
    </Filter>
    <Filter Include="ヘッダー ファイル\InputDevice\Keyboard">
      <UniqueIdentifier>{5e6d563e-e18e-490a-96a4-3d2f8ed99975}</UniqueIdentifier>
    </Filter>
    <Filter Include="ソース ファイル\Collider">
      <UniqueIdentifier>{bdf131c6-27cb-4561-b9e5-a78d200cc152}</UniqueIdentifier>
    </Filter>
    <Filter Include="ソース ファイル\Collider\AABB">
      <UniqueIdentifier>{222f71ac-e54f-4423-95c7-bc6d5bdf42f1}</UniqueIdentifier>
    </Filter>
    <Filter Include="ソース ファイル\Collider\OBB">
      <UniqueIdentifier>{03b2ddcd-121b-4651-9d27-e71154789b51}</UniqueIdentifier>
    </Filter>
    <Filter Include="ソース ファイル\Collider\Capsule">
      <UniqueIdentifier>{fab5c84d-39f1-4e74-96db-962ab4f27405}</UniqueIdentifier>
    </Filter>
    <Filter Include="ソース ファイル\Collider\Sphere">
      <UniqueIdentifier>{cb643a95-7e8f-4b98-9162-75958f16a59d}</UniqueIdentifier>
    </Filter>
    <Filter Include="ソース ファイル\Object">
      <UniqueIdentifier>{b52cd487-611e-4c82-abe8-af3e0b4fcba3}</UniqueIdentifier>
    </Filter>
    <Filter Include="ソース ファイル\Object\Player">
      <UniqueIdentifier>{8460d576-ff38-407d-b4f0-924a544a01e0}</UniqueIdentifier>
    </Filter>
    <Filter Include="ソース ファイル\Object\Camera">
      <UniqueIdentifier>{00ad9fbd-c013-4a0d-b264-c4e17cdf3407}</UniqueIdentifier>
    </Filter>
    <Filter Include="ヘッダー ファイル\Collider">
      <UniqueIdentifier>{4d2d6223-e63a-485b-ac6b-8ae30145c5fd}</UniqueIdentifier>
    </Filter>
    <Filter Include="ヘッダー ファイル\Collider\AABB">
      <UniqueIdentifier>{d0664719-b922-4811-8d18-a928027f6375}</UniqueIdentifier>
    </Filter>
    <Filter Include="ヘッダー ファイル\Collider\OBB">
      <UniqueIdentifier>{0e61da77-88b2-4975-a7d7-275dda9e500b}</UniqueIdentifier>
    </Filter>
    <Filter Include="ヘッダー ファイル\Collider\Sphere">
      <UniqueIdentifier>{1f5bf38b-b294-4011-a1dd-dc1405dd3821}</UniqueIdentifier>
    </Filter>
    <Filter Include="ヘッダー ファイル\Collider\Capsule">
      <UniqueIdentifier>{0a98a622-4d2d-48d1-bad9-7f2ebaeef8c8}</UniqueIdentifier>
    </Filter>
    <Filter Include="ヘッダー ファイル\Object">
      <UniqueIdentifier>{96f91247-5c5e-41da-863b-b3672c176417}</UniqueIdentifier>
    </Filter>
    <Filter Include="ヘッダー ファイル\Object\Player">
      <UniqueIdentifier>{4ccd2c16-f104-4bf6-b9a1-6b3527704a33}</UniqueIdentifier>
    </Filter>
    <Filter Include="ヘッダー ファイル\Object\Camera">
      <UniqueIdentifier>{827b475e-5e82-4787-a9ed-d1e357cb3c1f}</UniqueIdentifier>
    </Filter>
  </ItemGroup>
  <ItemGroup>
    <ClCompile Include="main.cpp">
      <Filter>ソース ファイル</Filter>
    </ClCompile>
    <ClCompile Include="Scene\SceneBase.cpp">
      <Filter>ソース ファイル\Scene</Filter>
    </ClCompile>
    <ClCompile Include="Scene\SceneClear.cpp">
      <Filter>ソース ファイル\Scene</Filter>
    </ClCompile>
    <ClCompile Include="Scene\SceneGame.cpp">
      <Filter>ソース ファイル\Scene</Filter>
    </ClCompile>
    <ClCompile Include="Scene\SceneManager.cpp">
      <Filter>ソース ファイル\Scene</Filter>
    </ClCompile>
    <ClCompile Include="Scene\SceneResult.cpp">
      <Filter>ソース ファイル\Scene</Filter>
    </ClCompile>
    <ClCompile Include="Scene\SceneTitle.cpp">
      <Filter>ソース ファイル\Scene</Filter>
    </ClCompile>
    <ClCompile Include="InputDevice\InputDeviceManager.cpp">
      <Filter>ソース ファイル\InputDevice</Filter>
    </ClCompile>
    <ClCompile Include="InputDevice\KeyBoard\KeyBoard.cpp">
      <Filter>ソース ファイル\InputDevice\KeyBoard</Filter>
    </ClCompile>
    <ClCompile Include="InputDevice\JoyPad\JoyPad.cpp">
      <Filter>ソース ファイル\InputDevice\JoyPad</Filter>
    </ClCompile>
    <ClCompile Include="Object\Camera\Camera.cpp">
      <Filter>ソース ファイル\Object\Camera</Filter>
    </ClCompile>
    <ClCompile Include="Object\Character\Player\Player.cpp">
      <Filter>ソース ファイル\Object\Player</Filter>
    </ClCompile>
    <ClCompile Include="Object\Ground\Ground.cpp">
      <Filter>ソース ファイル</Filter>
    </ClCompile>
    <ClCompile Include="CSVLib\CSVLib.cpp">
      <Filter>ソース ファイル</Filter>
    </ClCompile>
    <ClCompile Include="DebugWindow\DebugWindow.cpp">
      <Filter>ソース ファイル</Filter>
    </ClCompile>
    <ClCompile Include="PhysicsLib\Rigidbody.cpp">
      <Filter>ソース ファイル</Filter>
    </ClCompile>
    <ClCompile Include="PhysicsLib\Collidable.cpp">
      <Filter>ソース ファイル</Filter>
    </ClCompile>
    <ClCompile Include="PhysicsLib\Physics.cpp">
      <Filter>ソース ファイル</Filter>
    </ClCompile>
    <ClCompile Include="PhysicsLib\Sphere\ColliderDataSphere3D.cpp">
      <Filter>ソース ファイル</Filter>
    </ClCompile>
    <ClCompile Include="PhysicsLib\OBB\ColliderDataOBB3D.cpp">
      <Filter>ソース ファイル</Filter>
    </ClCompile>
    <ClCompile Include="PhysicsLib\Capsule\ColliderDataCapsule3D.cpp">
      <Filter>ソース ファイル</Filter>
    </ClCompile>
    <ClCompile Include="PhysicsLib\AABB\ColliderDataAABB3D.cpp">
      <Filter>ソース ファイル</Filter>
    </ClCompile>
    <ClCompile Include="PhysicsLib\DebugDraw\DebugDraw3D.cpp">
      <Filter>ソース ファイル</Filter>
    </ClCompile>
    <ClCompile Include="Object\Character\EnemySmallFish\EnemySmallFish.cpp">
      <Filter>ソース ファイル</Filter>
    </ClCompile>
    <ClCompile Include="System\Command\Command.cpp">
      <Filter>ソース ファイル</Filter>
    </ClCompile>
    <ClCompile Include="Object\Character\EnemyMidle\EnemyMidle.cpp">
      <Filter>ソース ファイル</Filter>
    </ClCompile>
    <ClCompile Include="Object\Sky\SkyDome.cpp">
      <Filter>ソース ファイル</Filter>
    </ClCompile>
    <ClCompile Include="Object\Light\LightManager.cpp">
      <Filter>ソース ファイル</Filter>
    </ClCompile>
    <ClCompile Include="EffectLib\EffectLib.cpp">
      <Filter>ソース ファイル</Filter>
    </ClCompile>
    <ClCompile Include="Object\Character\EnemyDinamic\EnemyDinamic.cpp">
      <Filter>ソース ファイル</Filter>
    </ClCompile>
    <ClCompile Include="System\GemeMenu\GameMenu.cpp">
      <Filter>ソース ファイル</Filter>
    </ClCompile>
    <ClCompile Include="System\GemeMenu\AbilityMenu\AbilityMenu.cpp">
      <Filter>ソース ファイル</Filter>
    </ClCompile>
    <ClCompile Include="System\GemeMenu\CustomizationMenu\CustomizationMenu.cpp">
      <Filter>ソース ファイル</Filter>
    </ClCompile>
    <ClCompile Include="System\GemeMenu\EquipmentMenu\EquipmentMenu.cpp">
      <Filter>ソース ファイル</Filter>
    </ClCompile>
    <ClCompile Include="System\GemeMenu\ItemMenu\ItemMenu.cpp">
      <Filter>ソース ファイル</Filter>
    </ClCompile>
    <ClCompile Include="System\HPBar\HPBar.cpp">
      <Filter>ソース ファイル</Filter>
    </ClCompile>
    <ClCompile Include="System\CharacterIcon\CharacterIcon.cpp">
      <Filter>ソース ファイル</Filter>
    </ClCompile>
    <ClCompile Include="AI\Path\Path.cpp">
      <Filter>ソース ファイル</Filter>
    </ClCompile>
    <ClCompile Include="AnimationLib\AnimationLib.cpp">
      <Filter>ソース ファイル</Filter>
    </ClCompile>
    <ClCompile Include="System\GemeMenu\ItemMenu\PlayerPouch.cpp">
      <Filter>ソース ファイル</Filter>
    </ClCompile>
    <ClCompile Include="AI\BehaviourTree\BehaviourTree.cpp">
      <Filter>ソース ファイル</Filter>
    </ClCompile>
    <ClCompile Include="Object\Map\Map.cpp">
      <Filter>ソース ファイル</Filter>
    </ClCompile>
    <ClCompile Include="Object\SmallArticle\SmallAricle.cpp">
      <Filter>ソース ファイル</Filter>
    </ClCompile>
    <ClCompile Include="Object\Door\OneStAvenue\OneStAvenue.cpp">
      <Filter>ソース ファイル</Filter>
    </ClCompile>
    <ClCompile Include="Object\MapEvent\MapEventManager.cpp">
      <Filter>ソース ファイル</Filter>
    </ClCompile>
    <ClCompile Include="Object\MapEvent\MEOne\MapEventOne.cpp">
      <Filter>ソース ファイル</Filter>
    </ClCompile>
  </ItemGroup>
  <ItemGroup>
    <ClInclude Include="Scene\SceneBase.h">
      <Filter>ヘッダー ファイル\Scene</Filter>
    </ClInclude>
    <ClInclude Include="Scene\SceneClear.h">
      <Filter>ヘッダー ファイル\Scene</Filter>
    </ClInclude>
    <ClInclude Include="Scene\SceneCommon.h">
      <Filter>ヘッダー ファイル\Scene</Filter>
    </ClInclude>
    <ClInclude Include="Scene\SceneGame.h">
      <Filter>ヘッダー ファイル\Scene</Filter>
    </ClInclude>
    <ClInclude Include="Scene\SceneManager.h">
      <Filter>ヘッダー ファイル\Scene</Filter>
    </ClInclude>
    <ClInclude Include="Scene\SceneResult.h">
      <Filter>ヘッダー ファイル\Scene</Filter>
    </ClInclude>
    <ClInclude Include="Scene\SceneTitle.h">
      <Filter>ヘッダー ファイル\Scene</Filter>
    </ClInclude>
    <ClInclude Include="Scene\SceneType.h">
      <Filter>ヘッダー ファイル\Scene</Filter>
    </ClInclude>
    <ClInclude Include="InputDevice\InputDeviceManager.h">
      <Filter>ヘッダー ファイル\InputDevice</Filter>
    </ClInclude>
    <ClInclude Include="InputDevice\JoyPad\JoyPad.h">
      <Filter>ヘッダー ファイル\InputDevice\JoyPad</Filter>
    </ClInclude>
    <ClInclude Include="InputDevice\KeyBoard\KeyBoard.h">
      <Filter>ヘッダー ファイル\InputDevice\Keyboard</Filter>
    </ClInclude>
    <ClInclude Include="Scene\SceneGameCommon.h">
      <Filter>ヘッダー ファイル\Scene</Filter>
    </ClInclude>
    <ClInclude Include="Object\Camera\Camera.h">
      <Filter>ヘッダー ファイル\Object\Camera</Filter>
    </ClInclude>
    <ClInclude Include="Object\Character\Player\Player.h">
      <Filter>ヘッダー ファイル\Object\Player</Filter>
    </ClInclude>
    <ClInclude Include="Object\Ground\Ground.h">
      <Filter>ヘッダー ファイル</Filter>
    </ClInclude>
    <ClInclude Include="CSVLib\CSVLib.h">
      <Filter>ヘッダー ファイル</Filter>
    </ClInclude>
    <ClInclude Include="DebugWindow\DebugWindow.h">
      <Filter>ヘッダー ファイル</Filter>
    </ClInclude>
    <ClInclude Include="PhysicsLib\Rigidbody.h">
      <Filter>ヘッダー ファイル</Filter>
    </ClInclude>
    <ClInclude Include="PhysicsLib\Collidable.h">
      <Filter>ヘッダー ファイル</Filter>
    </ClInclude>
    <ClInclude Include="PhysicsLib\GameObjectTag.h">
      <Filter>ヘッダー ファイル</Filter>
    </ClInclude>
    <ClInclude Include="PhysicsLib\ColliderData.h">
      <Filter>ヘッダー ファイル</Filter>
    </ClInclude>
    <ClInclude Include="PhysicsLib\PhysicsLib.h">
      <Filter>ヘッダー ファイル</Filter>
    </ClInclude>
    <ClInclude Include="PhysicsLib\Physics.h">
      <Filter>ヘッダー ファイル</Filter>
    </ClInclude>
    <ClInclude Include="PhysicsLib\Sphere\ColliderDataSphere3D.h">
      <Filter>ヘッダー ファイル</Filter>
    </ClInclude>
    <ClInclude Include="PhysicsLib\OBB\ColliderDataOBB3D.h">
      <Filter>ヘッダー ファイル</Filter>
    </ClInclude>
    <ClInclude Include="PhysicsLib\Capsule\ColliderDataCapsule3D.h">
      <Filter>ヘッダー ファイル</Filter>
    </ClInclude>
    <ClInclude Include="PhysicsLib\AABB\ColliderDataAABB3D.h">
      <Filter>ヘッダー ファイル</Filter>
    </ClInclude>
    <ClInclude Include="PhysicsLib\DebugDraw\DebugDraw3D.h">
      <Filter>ヘッダー ファイル</Filter>
    </ClInclude>
    <ClInclude Include="Object\Character\EnemySmallFish\EnemySmallFish.h">
      <Filter>ヘッダー ファイル</Filter>
    </ClInclude>
    <ClInclude Include="MathLib\MathLib.h">
      <Filter>ヘッダー ファイル</Filter>
    </ClInclude>
    <ClInclude Include="System\Command\Command.h">
      <Filter>ヘッダー ファイル</Filter>
    </ClInclude>
    <ClInclude Include="Object\Character\EnemyMidle\EnemyMidle.h">
      <Filter>ヘッダー ファイル</Filter>
    </ClInclude>
    <ClInclude Include="Object\Sky\SkyDome.h">
      <Filter>ヘッダー ファイル</Filter>
    </ClInclude>
    <ClInclude Include="Object\Light\LightManager.h">
      <Filter>ヘッダー ファイル</Filter>
    </ClInclude>
    <ClInclude Include="EffectLib\EffectLib.h">
      <Filter>ヘッダー ファイル</Filter>
    </ClInclude>
    <ClInclude Include="Object\Character\EnemyDinamic\EnemyDinamic.h">
      <Filter>ヘッダー ファイル</Filter>
    </ClInclude>
    <ClInclude Include="System\GemeMenu\GameMenu.h">
      <Filter>ヘッダー ファイル</Filter>
    </ClInclude>
    <ClInclude Include="System\GemeMenu\AbilityMenu\AbilityMenu.h">
      <Filter>ヘッダー ファイル</Filter>
    </ClInclude>
    <ClInclude Include="System\GemeMenu\CustomizationMenu\CustomizationMenu.h">
      <Filter>ヘッダー ファイル</Filter>
    </ClInclude>
    <ClInclude Include="System\GemeMenu\EquipmentMenu\EquipmentMenu.h">
      <Filter>ヘッダー ファイル</Filter>
    </ClInclude>
    <ClInclude Include="System\GemeMenu\ItemMenu\ItemMenu.h">
      <Filter>ヘッダー ファイル</Filter>
    </ClInclude>
    <ClInclude Include="System\HPBar\HPBar.h">
      <Filter>ヘッダー ファイル</Filter>
    </ClInclude>
    <ClInclude Include="System\CharacterIcon\CharacterIcon.h">
      <Filter>ヘッダー ファイル</Filter>
    </ClInclude>
    <ClInclude Include="System\GemeMenu\GameMenuCommon.h">
      <Filter>ヘッダー ファイル</Filter>
    </ClInclude>
    <ClInclude Include="AI\Path\Path.h">
      <Filter>ヘッダー ファイル</Filter>
    </ClInclude>
    <ClInclude Include="AnimationLib\AnimationLib.h">
      <Filter>ヘッダー ファイル</Filter>
    </ClInclude>
    <ClInclude Include="System\GemeMenu\ItemMenu\PlayerPouch.h">
      <Filter>ヘッダー ファイル</Filter>
    </ClInclude>
    <ClInclude Include="AI\BehaviourTree\BehaviourTree.h">
      <Filter>ヘッダー ファイル</Filter>
    </ClInclude>
    <ClInclude Include="Object\Map\Map.h">
      <Filter>ヘッダー ファイル</Filter>
    </ClInclude>
    <ClInclude Include="Object\SmallArticle\SmallAricle.h">
      <Filter>ヘッダー ファイル</Filter>
    </ClInclude>
    <ClInclude Include="Object\Door\OneStAvenue\OneStAvenue.h">
      <Filter>ヘッダー ファイル</Filter>
    </ClInclude>
    <ClInclude Include="Object\MapEvent\MapEventManager.h">
      <Filter>ヘッダー ファイル</Filter>
    </ClInclude>
    <ClInclude Include="Object\MapEvent\mapEventCommon.h">
      <Filter>ヘッダー ファイル</Filter>
    </ClInclude>
    <ClInclude Include="Object\MapEvent\MEOne\MapEventOne.h">
      <Filter>ヘッダー ファイル</Filter>
    </ClInclude>
  </ItemGroup>
</Project>